
Microsoft Visual Studio Solution File, Format Version 12.00
# Visual Studio Version 17
VisualStudioVersion = 17.4.33213.308
MinimumVisualStudioVersion = 10.0.40219.1
Project("{FAE04EC0-301F-11D3-BF4B-00C04F79EFBC}") = "MVVMDemo.Android", "MVVMDemo\MVVMDemo.Android\MVVMDemo.Android.csproj", "{8323C88B-0856-4351-8E9B-A69112136AE1}"
EndProject
Project("{FAE04EC0-301F-11D3-BF4B-00C04F79EFBC}") = "MVVMDemo.iOS", "MVVMDemo\MVVMDemo.iOS\MVVMDemo.iOS.csproj", "{29539306-C0F8-4A63-9533-025A2BD98F04}"
EndProject
Project("{FAE04EC0-301F-11D3-BF4B-00C04F79EFBC}") = "MVVMDemo", "MVVMDemo\MVVMDemo\MVVMDemo.csproj", "{8D5BB5A1-DF9B-4760-814B-A0196DD3E517}"
EndProject
Global
	GlobalSection(SolutionConfigurationPlatforms) = preSolution
		Debug|Any CPU = Debug|Any CPU
		Debug|iPhone = Debug|iPhone
		Debug|iPhoneSimulator = Debug|iPhoneSimulator
		Release|Any CPU = Release|Any CPU
		Release|iPhone = Release|iPhone
		Release|iPhoneSimulator = Release|iPhoneSimulator
	EndGlobalSection
	GlobalSection(ProjectConfigurationPlatforms) = postSolution
		{8323C88B-0856-4351-8E9B-A69112136AE1}.Debug|Any CPU.ActiveCfg = Debug|Any CPU
		{8323C88B-0856-4351-8E9B-A69112136AE1}.Debug|Any CPU.Build.0 = Debug|Any CPU
		{8323C88B-0856-4351-8E9B-A69112136AE1}.Debug|Any CPU.Deploy.0 = Debug|Any CPU
		{8323C88B-0856-4351-8E9B-A69112136AE1}.Debug|iPhone.ActiveCfg = Debug|Any CPU
		{8323C88B-0856-4351-8E9B-A69112136AE1}.Debug|iPhone.Build.0 = Debug|Any CPU
		{8323C88B-0856-4351-8E9B-A69112136AE1}.Debug|iPhone.Deploy.0 = Debug|Any CPU
		{8323C88B-0856-4351-8E9B-A69112136AE1}.Debug|iPhoneSimulator.ActiveCfg = Debug|Any CPU
		{8323C88B-0856-4351-8E9B-A69112136AE1}.Debug|iPhoneSimulator.Build.0 = Debug|Any CPU
		{8323C88B-0856-4351-8E9B-A69112136AE1}.Debug|iPhoneSimulator.Deploy.0 = Debug|Any CPU
		{8323C88B-0856-4351-8E9B-A69112136AE1}.Release|Any CPU.ActiveCfg = Release|Any CPU
		{8323C88B-0856-4351-8E9B-A69112136AE1}.Release|Any CPU.Build.0 = Release|Any CPU
		{8323C88B-0856-4351-8E9B-A69112136AE1}.Release|Any CPU.Deploy.0 = Release|Any CPU
		{8323C88B-0856-4351-8E9B-A69112136AE1}.Release|iPhone.ActiveCfg = Release|Any CPU
		{8323C88B-0856-4351-8E9B-A69112136AE1}.Release|iPhone.Build.0 = Release|Any CPU
		{8323C88B-0856-4351-8E9B-A69112136AE1}.Release|iPhone.Deploy.0 = Release|Any CPU
		{8323C88B-0856-4351-8E9B-A69112136AE1}.Release|iPhoneSimulator.ActiveCfg = Release|Any CPU
		{8323C88B-0856-4351-8E9B-A69112136AE1}.Release|iPhoneSimulator.Build.0 = Release|Any CPU
		{8323C88B-0856-4351-8E9B-A69112136AE1}.Release|iPhoneSimulator.Deploy.0 = Release|Any CPU
		{29539306-C0F8-4A63-9533-025A2BD98F04}.Debug|Any CPU.ActiveCfg = Debug|iPhone
		{29539306-C0F8-4A63-9533-025A2BD98F04}.Debug|Any CPU.Build.0 = Debug|iPhone
		{29539306-C0F8-4A63-9533-025A2BD98F04}.Debug|Any CPU.Deploy.0 = Debug|iPhone
		{29539306-C0F8-4A63-9533-025A2BD98F04}.Debug|iPhone.ActiveCfg = Debug|iPhone
		{29539306-C0F8-4A63-9533-025A2BD98F04}.Debug|iPhone.Build.0 = Debug|iPhone
		{29539306-C0F8-4A63-9533-025A2BD98F04}.Debug|iPhone.Deploy.0 = Debug|iPhone
		{29539306-C0F8-4A63-9533-025A2BD98F04}.Debug|iPhoneSimulator.ActiveCfg = Debug|iPhoneSimulator
		{29539306-C0F8-4A63-9533-025A2BD98F04}.Debug|iPhoneSimulator.Build.0 = Debug|iPhoneSimulator
		{29539306-C0F8-4A63-9533-025A2BD98F04}.Debug|iPhoneSimulator.Deploy.0 = Debug|iPhoneSimulator
		{29539306-C0F8-4A63-9533-025A2BD98F04}.Release|Any CPU.ActiveCfg = Release|iPhoneSimulator
		{29539306-C0F8-4A63-9533-025A2BD98F04}.Release|Any CPU.Build.0 = Release|iPhoneSimulator
		{29539306-C0F8-4A63-9533-025A2BD98F04}.Release|Any CPU.Deploy.0 = Release|iPhoneSimulator
		{29539306-C0F8-4A63-9533-025A2BD98F04}.Release|iPhone.ActiveCfg = Release|iPhone
		{29539306-C0F8-4A63-9533-025A2BD98F04}.Release|iPhone.Build.0 = Release|iPhone
		{29539306-C0F8-4A63-9533-025A2BD98F04}.Release|iPhone.Deploy.0 = Release|iPhone
		{29539306-C0F8-4A63-9533-025A2BD98F04}.Release|iPhoneSimulator.ActiveCfg = Release|iPhoneSimulator
		{29539306-C0F8-4A63-9533-025A2BD98F04}.Release|iPhoneSimulator.Build.0 = Release|iPhoneSimulator
		{29539306-C0F8-4A63-9533-025A2BD98F04}.Release|iPhoneSimulator.Deploy.0 = Release|iPhoneSimulator
		{8D5BB5A1-DF9B-4760-814B-A0196DD3E517}.Debug|Any CPU.ActiveCfg = Debug|Any CPU
		{8D5BB5A1-DF9B-4760-814B-A0196DD3E517}.Debug|Any CPU.Build.0 = Debug|Any CPU
		{8D5BB5A1-DF9B-4760-814B-A0196DD3E517}.Debug|Any CPU.Deploy.0 = Debug|Any CPU
		{8D5BB5A1-DF9B-4760-814B-A0196DD3E517}.Debug|iPhone.ActiveCfg = Debug|Any CPU
		{8D5BB5A1-DF9B-4760-814B-A0196DD3E517}.Debug|iPhone.Build.0 = Debug|Any CPU
		{8D5BB5A1-DF9B-4760-814B-A0196DD3E517}.Debug|iPhone.Deploy.0 = Debug|Any CPU
		{8D5BB5A1-DF9B-4760-814B-A0196DD3E517}.Debug|iPhoneSimulator.ActiveCfg = Debug|Any CPU
		{8D5BB5A1-DF9B-4760-814B-A0196DD3E517}.Debug|iPhoneSimulator.Build.0 = Debug|Any CPU
		{8D5BB5A1-DF9B-4760-814B-A0196DD3E517}.Debug|iPhoneSimulator.Deploy.0 = Debug|Any CPU
		{8D5BB5A1-DF9B-4760-814B-A0196DD3E517}.Release|Any CPU.ActiveCfg = Release|Any CPU
		{8D5BB5A1-DF9B-4760-814B-A0196DD3E517}.Release|Any CPU.Build.0 = Release|Any CPU
		{8D5BB5A1-DF9B-4760-814B-A0196DD3E517}.Release|Any CPU.Deploy.0 = Release|Any CPU
		{8D5BB5A1-DF9B-4760-814B-A0196DD3E517}.Release|iPhone.ActiveCfg = Release|Any CPU
		{8D5BB5A1-DF9B-4760-814B-A0196DD3E517}.Release|iPhone.Build.0 = Release|Any CPU
		{8D5BB5A1-DF9B-4760-814B-A0196DD3E517}.Release|iPhone.Deploy.0 = Release|Any CPU
		{8D5BB5A1-DF9B-4760-814B-A0196DD3E517}.Release|iPhoneSimulator.ActiveCfg = Release|Any CPU
		{8D5BB5A1-DF9B-4760-814B-A0196DD3E517}.Release|iPhoneSimulator.Build.0 = Release|Any CPU
		{8D5BB5A1-DF9B-4760-814B-A0196DD3E517}.Release|iPhoneSimulator.Deploy.0 = Release|Any CPU
	EndGlobalSection
	GlobalSection(SolutionProperties) = preSolution
		HideSolutionNode = FALSE
	EndGlobalSection
	GlobalSection(ExtensibilityGlobals) = postSolution
		SolutionGuid = {2F7B4932-6E1D-4AFE-BF73-10E371A63F2E}
	EndGlobalSection
EndGlobal
